<?xml version="1.0" encoding="utf-8"?>
<Project ToolsVersion="4.0" xmlns="http://schemas.microsoft.com/developer/msbuild/2003">
  <ItemGroup>
    <Filter Include="Source Files">
      <UniqueIdentifier>{4FC737F1-C7A5-4376-A066-2A32D752A2FF}</UniqueIdentifier>
      <Extensions>cpp;c;cc;cxx;def;odl;idl;hpj;bat;asm;asmx</Extensions>
    </Filter>
    <Filter Include="Header Files">
      <UniqueIdentifier>{93995380-89BD-4b04-88EB-625FBE52EBFB}</UniqueIdentifier>
      <Extensions>h;hh;hpp;hxx;hm;inl;inc;xsd</Extensions>
    </Filter>
    <Filter Include="Resource Files">
      <UniqueIdentifier>{67DA6AB6-F800-4c08-8B7A-83BB121AAD01}</UniqueIdentifier>
      <Extensions>rc;ico;cur;bmp;dlg;rc2;rct;bin;rgs;gif;jpg;jpeg;jpe;resx;tiff;tif;png;wav;mfcribbon-ms</Extensions>
    </Filter>
  </ItemGroup>
  <ItemGroup>
    <ClCompile Include="Game.cpp">
      <Filter>Source Files</Filter>
    </ClCompile>
    <ClCompile Include="MainGame.cpp">
      <Filter>Source Files</Filter>
    </ClCompile>
    <ClCompile Include="Display.cpp">
      <Filter>Source Files</Filter>
    </ClCompile>
    <ClCompile Include="Shader.cpp">
      <Filter>Source Files</Filter>
    </ClCompile>
    <ClCompile Include="stb_image.c">
      <Filter>Source Files</Filter>
    </ClCompile>
    <ClCompile Include="TextureLoader.cpp">
      <Filter>Source Files</Filter>
    </ClCompile>
    <ClCompile Include="Audio.cpp">
      <Filter>Source Files</Filter>
    </ClCompile>
    <ClCompile Include="Time.cpp">
      <Filter>Source Files</Filter>
    </ClCompile>
    <ClCompile Include="SkyBox.cpp">
      <Filter>Source Files</Filter>
    </ClCompile>
    <ClCompile Include="GameObject.cpp">
      <Filter>Source Files</Filter>
    </ClCompile>
    <ClCompile Include="PlayerController.cpp">
      <Filter>Source Files</Filter>
    </ClCompile>
    <ClCompile Include="Player.cpp">
      <Filter>Source Files</Filter>
    </ClCompile>
    <ClCompile Include="Scene\Scene.cpp">
      <Filter>Source Files</Filter>
    </ClCompile>
    <ClCompile Include="Scene\Entity.cpp">
      <Filter>Source Files</Filter>
    </ClCompile>
    <ClCompile Include="Components\MaterialComponent.cpp">
      <Filter>Source Files</Filter>
    </ClCompile>
    <ClCompile Include="ModelManager.cpp">
      <Filter>Source Files</Filter>
    </ClCompile>
  </ItemGroup>
  <ItemGroup>
    <ClInclude Include="MainGame.h">
      <Filter>Header Files</Filter>
    </ClInclude>
    <ClInclude Include="Display.h">
      <Filter>Header Files</Filter>
    </ClInclude>
    <ClInclude Include="stb_image.h">
      <Filter>Header Files</Filter>
    </ClInclude>
    <ClInclude Include="Shader.h">
      <Filter>Header Files</Filter>
    </ClInclude>
    <ClInclude Include="TextureLoader.h">
      <Filter>Header Files</Filter>
    </ClInclude>
    <ClInclude Include="Components\TransformComponent.h">
      <Filter>Header Files</Filter>
    </ClInclude>
    <ClInclude Include="Camera.h">
      <Filter>Header Files</Filter>
    </ClInclude>
    <ClInclude Include="Audio.h">
      <Filter>Header Files</Filter>
    </ClInclude>
    <ClInclude Include="ModelLoader.h">
      <Filter>Header Files</Filter>
    </ClInclude>
    <ClInclude Include="Time.h">
      <Filter>Header Files</Filter>
    </ClInclude>
    <ClInclude Include="SkyBox.h">
      <Filter>Header Files</Filter>
    </ClInclude>
    <ClInclude Include="GameObject.h">
      <Filter>Header Files</Filter>
    </ClInclude>
    <ClInclude Include="Quaternion.h">
      <Filter>Header Files</Filter>
    </ClInclude>
    <ClInclude Include="PlayerController.h">
      <Filter>Header Files</Filter>
    </ClInclude>
    <ClInclude Include="Player.h">
      <Filter>Header Files</Filter>
    </ClInclude>
    <ClInclude Include="Scene\Scene.h">
      <Filter>Header Files</Filter>
    </ClInclude>
    <ClInclude Include="Components\MaterialComponent.h">
      <Filter>Header Files</Filter>
    </ClInclude>
    <ClInclude Include="Scene\Entity.h">
      <Filter>Header Files</Filter>
    </ClInclude>
    <ClInclude Include="Components\TagComponent.h">
      <Filter>Header Files</Filter>
    </ClInclude>
    <ClInclude Include="Components\MeshComponent.h">
      <Filter>Header Files</Filter>
    </ClInclude>
    <ClInclude Include="ModelManager.h">
      <Filter>Header Files</Filter>
    </ClInclude>
    <ClInclude Include="Components\AsteroidSpawner.h">
      <Filter>Header Files</Filter>
    </ClInclude>
  </ItemGroup>
  <ItemGroup>
    <None Include="..\Resources\Shaders\FogFragmentShader.frag" />
    <None Include="..\Resources\Shaders\FogVertexShader.vert" />
    <None Include="..\Resources\Shaders\ToonFragmentShader.frag" />
    <None Include="..\Resources\Shaders\ToonVertexShader.vert" />
    <None Include="..\Resources\Shaders\DefaultShader.frag" />
    <None Include="..\Resources\Shaders\DefaultShader.vert" />
    <None Include="..\Resources\Shaders\RimLightingFragment.frag" />
    <None Include="..\Resources\Shaders\RimLightingVertex.vert" />
    <None Include="..\Resources\Shaders\TRimLightingFragment.frag" />
    <None Include="..\Resources\Shaders\TRimLightingVertex.vert" />
    <None Include="..\Resources\Shaders\ToffeeFragment.frag" />
    <None Include="..\Resources\Shaders\ToffeeVertex.vert" />
    <None Include="..\Resources\Shaders\Strips.frag" />
    <None Include="..\Resources\Shaders\Strips.vert" />
    <None Include="..\Resources\Shaders\BumpFragmentShader.frag" />
    <None Include="..\Resources\Shaders\BumpVertexShader.vert" />
    <None Include="..\Resources\Shaders\shaderGeoText.frag" />
    <None Include="..\Resources\Shaders\shaderGeoText.geom" />
    <None Include="..\Resources\Shaders\shaderGeoText.vert" />
    <None Include="..\Resources\Shaders\RimAndToonAndExplodeShaders\TRimLightingExplode.frag" />
    <None Include="..\Resources\Shaders\RimAndToonAndExplodeShaders\TRimLightingExplode.geom" />
    <None Include="..\Resources\Shaders\RimAndToonAndExplodeShaders\TRimLightingExplode.vert" />
    <None Include="..\Resources\Shaders\SpecularLighting.frag" />
    <None Include="..\Resources\Shaders\SpecularLighting.vert" />
    <None Include="..\Resources\Shaders\ToonSpecularLighting.frag" />
    <None Include="..\Resources\Shaders\ToonSpecularLighting.vert" />
    <None Include="..\Resources\Shaders\CubeMaps.frag" />
    <None Include="..\Resources\Shaders\CubeMaps.vert" />
    <None Include="..\Resources\Shaders\Kuwahara.frag" />
    <None Include="..\Resources\Shaders\Kuwahara.vert" />
    <None Include="..\Resources\Shaders\EnvironmentMapping.frag" />
    <None Include="..\Resources\Shaders\EnvironmentMapping.vert" />
    <None Include="..\Resources\Shaders\BoxBlur.frag" />
    <None Include="..\Resources\Shaders\BoxBlur.vert" />
    <None Include="..\Resources\Shaders\GaussianBlur.frag" />
    <None Include="..\Resources\Shaders\GaussianBlur.vert" />
    <None Include="..\Resources\Shaders\ChromaticAbberation.frag" />
    <None Include="..\Resources\Shaders\ChromaticAbberation.vert" />
    <None Include="..\Resources\Shaders\FBOShader.frag" />
    <None Include="..\Resources\Shaders\FBOShader.vert" />
    <None Include="..\Resources\Shaders\InversionShader.frag" />
    <None Include="..\Resources\Shaders\InversionShader.vert" />
    <None Include="..\Resources\Shaders\GreyscaleShader.frag" />
    <None Include="..\Resources\Shaders\GreyscaleShader.vert" />
    <None Include="..\Resources\Shaders\CameraShakeShader.frag" />
    <None Include="..\Resources\Shaders\CameraShakeShader.vert" />
  </ItemGroup>
</Project>